
Microsoft Visual Studio Solution File, Format Version 12.00
# Visual Studio 15
VisualStudioVersion = 15.0.28010.2041
MinimumVisualStudioVersion = 10.0.40219.1
Project("{9A19103F-16F7-4668-BE54-9A1E7A4F7556}") = "Zoo", "Zoo\Zoo.csproj", "{5915938E-A9B1-4F09-881E-EF20F75B0B23}"
EndProject
Project("{FAE04EC0-301F-11D3-BF4B-00C04F79EFBC}") = "XUnitTestProject2", "XUnitTestProject2\XUnitTestProject2.csproj", "{219C2FF7-D9FD-420E-B44A-C69E4039421E}"
EndProject
Global
	GlobalSection(SolutionConfigurationPlatforms) = preSolution
		Debug|Any CPU = Debug|Any CPU
		Release|Any CPU = Release|Any CPU
	EndGlobalSection
	GlobalSection(ProjectConfigurationPlatforms) = postSolution
		{5915938E-A9B1-4F09-881E-EF20F75B0B23}.Debug|Any CPU.ActiveCfg = Debug|Any CPU
		{5915938E-A9B1-4F09-881E-EF20F75B0B23}.Debug|Any CPU.Build.0 = Debug|Any CPU
		{5915938E-A9B1-4F09-881E-EF20F75B0B23}.Release|Any CPU.ActiveCfg = Release|Any CPU
		{5915938E-A9B1-4F09-881E-EF20F75B0B23}.Release|Any CPU.Build.0 = Release|Any CPU
		{219C2FF7-D9FD-420E-B44A-C69E4039421E}.Debug|Any CPU.ActiveCfg = Debug|Any CPU
		{219C2FF7-D9FD-420E-B44A-C69E4039421E}.Debug|Any CPU.Build.0 = Debug|Any CPU
		{219C2FF7-D9FD-420E-B44A-C69E4039421E}.Release|Any CPU.ActiveCfg = Release|Any CPU
		{219C2FF7-D9FD-420E-B44A-C69E4039421E}.Release|Any CPU.Build.0 = Release|Any CPU
	EndGlobalSection
	GlobalSection(SolutionProperties) = preSolution
		HideSolutionNode = FALSE
	EndGlobalSection
	GlobalSection(ExtensibilityGlobals) = postSolution
		SolutionGuid = {07589BBD-61E3-408C-9653-4AE15007AA5C}
	EndGlobalSection
EndGlobal
